// !$*UTF8*$!
{
	archiveVersion = 1;
	classes = {
	};
	objectVersion = 56;
	objects = {

/* Begin PBXBuildFile section */
		84DA2E052BDD8A980006BA68 /* FamilyControlTestbedApp.swift in Sources */ = {isa = PBXBuildFile; fileRef = 84DA2E042BDD8A980006BA68 /* FamilyControlTestbedApp.swift */; };
		84DA2E072BDD8A980006BA68 /* ContentView.swift in Sources */ = {isa = PBXBuildFile; fileRef = 84DA2E062BDD8A980006BA68 /* ContentView.swift */; };
		84DA2E092BDD8A9C0006BA68 /* Assets.xcassets in Resources */ = {isa = PBXBuildFile; fileRef = 84DA2E082BDD8A9C0006BA68 /* Assets.xcassets */; };
		84DA2E0C2BDD8A9C0006BA68 /* Preview Assets.xcassets in Resources */ = {isa = PBXBuildFile; fileRef = 84DA2E0B2BDD8A9C0006BA68 /* Preview Assets.xcassets */; };
		84DA2E162BDD8A9D0006BA68 /* FamilyControlTestbedTests.swift in Sources */ = {isa = PBXBuildFile; fileRef = 84DA2E152BDD8A9D0006BA68 /* FamilyControlTestbedTests.swift */; };
		84DA2E202BDD8A9D0006BA68 /* FamilyControlTestbedUITests.swift in Sources */ = {isa = PBXBuildFile; fileRef = 84DA2E1F2BDD8A9D0006BA68 /* FamilyControlTestbedUITests.swift */; };
		84DA2E222BDD8A9D0006BA68 /* FamilyControlTestbedUITestsLaunchTests.swift in Sources */ = {isa = PBXBuildFile; fileRef = 84DA2E212BDD8A9D0006BA68 /* FamilyControlTestbedUITestsLaunchTests.swift */; };
		84DA2E362BDD92140006BA68 /* FamilyControlReportTestbed.swift in Sources */ = {isa = PBXBuildFile; fileRef = 84DA2E352BDD92140006BA68 /* FamilyControlReportTestbed.swift */; };
		84DA2E382BDD92150006BA68 /* TotalActivityReport.swift in Sources */ = {isa = PBXBuildFile; fileRef = 84DA2E372BDD92150006BA68 /* TotalActivityReport.swift */; };
		84DA2E3A2BDD92150006BA68 /* TotalActivityView.swift in Sources */ = {isa = PBXBuildFile; fileRef = 84DA2E392BDD92150006BA68 /* TotalActivityView.swift */; };
		84DA2E3F2BDD92150006BA68 /* FamilyControlReportTestbed.appex in Embed ExtensionKit Extensions */ = {isa = PBXBuildFile; fileRef = 84DA2E332BDD92140006BA68 /* FamilyControlReportTestbed.appex */; settings = {ATTRIBUTES = (RemoveHeadersOnCopy, ); }; };
/* End PBXBuildFile section */

/* Begin PBXContainerItemProxy section */
		84DA2E122BDD8A9D0006BA68 /* PBXContainerItemProxy */ = {
			isa = PBXContainerItemProxy;
			containerPortal = 84DA2DF92BDD8A980006BA68 /* Project object */;
			proxyType = 1;
			remoteGlobalIDString = 84DA2E002BDD8A980006BA68;
			remoteInfo = FamilyControlTestbed;
		};
		84DA2E1C2BDD8A9D0006BA68 /* PBXContainerItemProxy */ = {
			isa = PBXContainerItemProxy;
			containerPortal = 84DA2DF92BDD8A980006BA68 /* Project object */;
			proxyType = 1;
			remoteGlobalIDString = 84DA2E002BDD8A980006BA68;
			remoteInfo = FamilyControlTestbed;
		};
		84DA2E3D2BDD92150006BA68 /* PBXContainerItemProxy */ = {
			isa = PBXContainerItemProxy;
			containerPortal = 84DA2DF92BDD8A980006BA68 /* Project object */;
			proxyType = 1;
			remoteGlobalIDString = 84DA2E322BDD92140006BA68;
			remoteInfo = FamilyControlReportTestbed;
		};
/* End PBXContainerItemProxy section */

/* Begin PBXCopyFilesBuildPhase section */
		84DA2E432BDD92150006BA68 /* Embed ExtensionKit Extensions */ = {
			isa = PBXCopyFilesBuildPhase;
			buildActionMask = 2147483647;
			dstPath = "$(EXTENSIONS_FOLDER_PATH)";
			dstSubfolderSpec = 16;
			files = (
				84DA2E3F2BDD92150006BA68 /* FamilyControlReportTestbed.appex in Embed ExtensionKit Extensions */,
			);
			name = "Embed ExtensionKit Extensions";
			runOnlyForDeploymentPostprocessing = 0;
		};
/* End PBXCopyFilesBuildPhase section */

/* Begin PBXFileReference section */
		841449D92BDDA32300839FA3 /* README.md */ = {isa = PBXFileReference; lastKnownFileType = net.daringfireball.markdown; path = README.md; sourceTree = SOURCE_ROOT; };
		84DA2E012BDD8A980006BA68 /* FamilyControlTestbed.app */ = {isa = PBXFileReference; explicitFileType = wrapper.application; includeInIndex = 0; path = FamilyControlTestbed.app; sourceTree = BUILT_PRODUCTS_DIR; };
		84DA2E042BDD8A980006BA68 /* FamilyControlTestbedApp.swift */ = {isa = PBXFileReference; lastKnownFileType = sourcecode.swift; path = FamilyControlTestbedApp.swift; sourceTree = "<group>"; };
		84DA2E062BDD8A980006BA68 /* ContentView.swift */ = {isa = PBXFileReference; lastKnownFileType = sourcecode.swift; path = ContentView.swift; sourceTree = "<group>"; };
		84DA2E082BDD8A9C0006BA68 /* Assets.xcassets */ = {isa = PBXFileReference; lastKnownFileType = folder.assetcatalog; path = Assets.xcassets; sourceTree = "<group>"; };
		84DA2E0B2BDD8A9C0006BA68 /* Preview Assets.xcassets */ = {isa = PBXFileReference; lastKnownFileType = folder.assetcatalog; path = "Preview Assets.xcassets"; sourceTree = "<group>"; };
		84DA2E112BDD8A9D0006BA68 /* FamilyControlTestbedTests.xctest */ = {isa = PBXFileReference; explicitFileType = wrapper.cfbundle; includeInIndex = 0; path = FamilyControlTestbedTests.xctest; sourceTree = BUILT_PRODUCTS_DIR; };
		84DA2E152BDD8A9D0006BA68 /* FamilyControlTestbedTests.swift */ = {isa = PBXFileReference; lastKnownFileType = sourcecode.swift; path = FamilyControlTestbedTests.swift; sourceTree = "<group>"; };
		84DA2E1B2BDD8A9D0006BA68 /* FamilyControlTestbedUITests.xctest */ = {isa = PBXFileReference; explicitFileType = wrapper.cfbundle; includeInIndex = 0; path = FamilyControlTestbedUITests.xctest; sourceTree = BUILT_PRODUCTS_DIR; };
		84DA2E1F2BDD8A9D0006BA68 /* FamilyControlTestbedUITests.swift */ = {isa = PBXFileReference; lastKnownFileType = sourcecode.swift; path = FamilyControlTestbedUITests.swift; sourceTree = "<group>"; };
		84DA2E212BDD8A9D0006BA68 /* FamilyControlTestbedUITestsLaunchTests.swift */ = {isa = PBXFileReference; lastKnownFileType = sourcecode.swift; path = FamilyControlTestbedUITestsLaunchTests.swift; sourceTree = "<group>"; };
		84DA2E2E2BDD8D140006BA68 /* FamilyControlTestbed.entitlements */ = {isa = PBXFileReference; lastKnownFileType = text.plist.entitlements; path = FamilyControlTestbed.entitlements; sourceTree = "<group>"; };
		84DA2E332BDD92140006BA68 /* FamilyControlReportTestbed.appex */ = {isa = PBXFileReference; explicitFileType = "wrapper.extensionkit-extension"; includeInIndex = 0; path = FamilyControlReportTestbed.appex; sourceTree = BUILT_PRODUCTS_DIR; };
		84DA2E352BDD92140006BA68 /* FamilyControlReportTestbed.swift */ = {isa = PBXFileReference; lastKnownFileType = sourcecode.swift; path = FamilyControlReportTestbed.swift; sourceTree = "<group>"; };
		84DA2E372BDD92150006BA68 /* TotalActivityReport.swift */ = {isa = PBXFileReference; lastKnownFileType = sourcecode.swift; path = TotalActivityReport.swift; sourceTree = "<group>"; };
		84DA2E392BDD92150006BA68 /* TotalActivityView.swift */ = {isa = PBXFileReference; lastKnownFileType = sourcecode.swift; path = TotalActivityView.swift; sourceTree = "<group>"; };
		84DA2E3B2BDD92150006BA68 /* Info.plist */ = {isa = PBXFileReference; lastKnownFileType = text.plist.xml; path = Info.plist; sourceTree = "<group>"; };
		84DA2E3C2BDD92150006BA68 /* FamilyControlReportTestbed.entitlements */ = {isa = PBXFileReference; lastKnownFileType = text.plist.entitlements; path = FamilyControlReportTestbed.entitlements; sourceTree = "<group>"; };
/* End PBXFileReference section */

/* Begin PBXFrameworksBuildPhase section */
		84DA2DFE2BDD8A980006BA68 /* Frameworks */ = {
			isa = PBXFrameworksBuildPhase;
			buildActionMask = 2147483647;
			files = (
			);
			runOnlyForDeploymentPostprocessing = 0;
		};
		84DA2E0E2BDD8A9D0006BA68 /* Frameworks */ = {
			isa = PBXFrameworksBuildPhase;
			buildActionMask = 2147483647;
			files = (
			);
			runOnlyForDeploymentPostprocessing = 0;
		};
		84DA2E182BDD8A9D0006BA68 /* Frameworks */ = {
			isa = PBXFrameworksBuildPhase;
			buildActionMask = 2147483647;
			files = (
			);
			runOnlyForDeploymentPostprocessing = 0;
		};
		84DA2E302BDD92140006BA68 /* Frameworks */ = {
			isa = PBXFrameworksBuildPhase;
			buildActionMask = 2147483647;
			files = (
			);
			runOnlyForDeploymentPostprocessing = 0;
		};
/* End PBXFrameworksBuildPhase section */

/* Begin PBXGroup section */
		84DA2DF82BDD8A980006BA68 = {
			isa = PBXGroup;
			children = (
				84DA2E032BDD8A980006BA68 /* FamilyControlTestbed */,
				84DA2E142BDD8A9D0006BA68 /* FamilyControlTestbedTests */,
				84DA2E1E2BDD8A9D0006BA68 /* FamilyControlTestbedUITests */,
				84DA2E342BDD92140006BA68 /* FamilyControlReportTestbed */,
				84DA2E022BDD8A980006BA68 /* Products */,
			);
			sourceTree = "<group>";
		};
		84DA2E022BDD8A980006BA68 /* Products */ = {
			isa = PBXGroup;
			children = (
				84DA2E012BDD8A980006BA68 /* FamilyControlTestbed.app */,
				84DA2E112BDD8A9D0006BA68 /* FamilyControlTestbedTests.xctest */,
				84DA2E1B2BDD8A9D0006BA68 /* FamilyControlTestbedUITests.xctest */,
				84DA2E332BDD92140006BA68 /* FamilyControlReportTestbed.appex */,
			);
			name = Products;
			sourceTree = "<group>";
		};
		84DA2E032BDD8A980006BA68 /* FamilyControlTestbed */ = {
			isa = PBXGroup;
			children = (
				84DA2E2E2BDD8D140006BA68 /* FamilyControlTestbed.entitlements */,
				84DA2E042BDD8A980006BA68 /* FamilyControlTestbedApp.swift */,
				84DA2E062BDD8A980006BA68 /* ContentView.swift */,
				84DA2E082BDD8A9C0006BA68 /* Assets.xcassets */,
				84DA2E0A2BDD8A9C0006BA68 /* Preview Content */,
			);
			path = FamilyControlTestbed;
			sourceTree = "<group>";
		};
		84DA2E0A2BDD8A9C0006BA68 /* Preview Content */ = {
			isa = PBXGroup;
			children = (
				84DA2E0B2BDD8A9C0006BA68 /* Preview Assets.xcassets */,
			);
			path = "Preview Content";
			sourceTree = "<group>";
		};
		84DA2E142BDD8A9D0006BA68 /* FamilyControlTestbedTests */ = {
			isa = PBXGroup;
			children = (
				84DA2E152BDD8A9D0006BA68 /* FamilyControlTestbedTests.swift */,
			);
			path = FamilyControlTestbedTests;
			sourceTree = "<group>";
		};
		84DA2E1E2BDD8A9D0006BA68 /* FamilyControlTestbedUITests */ = {
			isa = PBXGroup;
			children = (
				84DA2E1F2BDD8A9D0006BA68 /* FamilyControlTestbedUITests.swift */,
				84DA2E212BDD8A9D0006BA68 /* FamilyControlTestbedUITestsLaunchTests.swift */,
			);
			path = FamilyControlTestbedUITests;
			sourceTree = "<group>";
		};
		84DA2E342BDD92140006BA68 /* FamilyControlReportTestbed */ = {
			isa = PBXGroup;
			children = (
				84DA2E352BDD92140006BA68 /* FamilyControlReportTestbed.swift */,
				84DA2E372BDD92150006BA68 /* TotalActivityReport.swift */,
				84DA2E392BDD92150006BA68 /* TotalActivityView.swift */,
				841449D92BDDA32300839FA3 /* README.md */,
				84DA2E3B2BDD92150006BA68 /* Info.plist */,
				84DA2E3C2BDD92150006BA68 /* FamilyControlReportTestbed.entitlements */,
			);
			path = FamilyControlReportTestbed;
			sourceTree = "<group>";
		};
/* End PBXGroup section */

/* Begin PBXNativeTarget section */
		84DA2E002BDD8A980006BA68 /* FamilyControlTestbed */ = {
			isa = PBXNativeTarget;
			buildConfigurationList = 84DA2E252BDD8A9D0006BA68 /* Build configuration list for PBXNativeTarget "FamilyControlTestbed" */;
			buildPhases = (
				84DA2DFD2BDD8A980006BA68 /* Sources */,
				84DA2DFE2BDD8A980006BA68 /* Frameworks */,
				84DA2DFF2BDD8A980006BA68 /* Resources */,
				84DA2E432BDD92150006BA68 /* Embed ExtensionKit Extensions */,
			);
			buildRules = (
			);
			dependencies = (
				84DA2E3E2BDD92150006BA68 /* PBXTargetDependency */,
			);
			name = FamilyControlTestbed;
			productName = FamilyControlTestbed;
			productReference = 84DA2E012BDD8A980006BA68 /* FamilyControlTestbed.app */;
			productType = "com.apple.product-type.application";
		};
		84DA2E102BDD8A9D0006BA68 /* FamilyControlTestbedTests */ = {
			isa = PBXNativeTarget;
			buildConfigurationList = 84DA2E282BDD8A9D0006BA68 /* Build configuration list for PBXNativeTarget "FamilyControlTestbedTests" */;
			buildPhases = (
				84DA2E0D2BDD8A9D0006BA68 /* Sources */,
				84DA2E0E2BDD8A9D0006BA68 /* Frameworks */,
				84DA2E0F2BDD8A9D0006BA68 /* Resources */,
			);
			buildRules = (
			);
			dependencies = (
				84DA2E132BDD8A9D0006BA68 /* PBXTargetDependency */,
			);
			name = FamilyControlTestbedTests;
			productName = FamilyControlTestbedTests;
			productReference = 84DA2E112BDD8A9D0006BA68 /* FamilyControlTestbedTests.xctest */;
			productType = "com.apple.product-type.bundle.unit-test";
		};
		84DA2E1A2BDD8A9D0006BA68 /* FamilyControlTestbedUITests */ = {
			isa = PBXNativeTarget;
			buildConfigurationList = 84DA2E2B2BDD8A9D0006BA68 /* Build configuration list for PBXNativeTarget "FamilyControlTestbedUITests" */;
			buildPhases = (
				84DA2E172BDD8A9D0006BA68 /* Sources */,
				84DA2E182BDD8A9D0006BA68 /* Frameworks */,
				84DA2E192BDD8A9D0006BA68 /* Resources */,
			);
			buildRules = (
			);
			dependencies = (
				84DA2E1D2BDD8A9D0006BA68 /* PBXTargetDependency */,
			);
			name = FamilyControlTestbedUITests;
			productName = FamilyControlTestbedUITests;
			productReference = 84DA2E1B2BDD8A9D0006BA68 /* FamilyControlTestbedUITests.xctest */;
			productType = "com.apple.product-type.bundle.ui-testing";
		};
		84DA2E322BDD92140006BA68 /* FamilyControlReportTestbed */ = {
			isa = PBXNativeTarget;
			buildConfigurationList = 84DA2E402BDD92150006BA68 /* Build configuration list for PBXNativeTarget "FamilyControlReportTestbed" */;
			buildPhases = (
				84DA2E2F2BDD92140006BA68 /* Sources */,
				84DA2E302BDD92140006BA68 /* Frameworks */,
				84DA2E312BDD92140006BA68 /* Resources */,
			);
			buildRules = (
			);
			dependencies = (
			);
			name = FamilyControlReportTestbed;
			productName = FamilyControlReportTestbed;
			productReference = 84DA2E332BDD92140006BA68 /* FamilyControlReportTestbed.appex */;
			productType = "com.apple.product-type.extensionkit-extension";
		};
/* End PBXNativeTarget section */

/* Begin PBXProject section */
		84DA2DF92BDD8A980006BA68 /* Project object */ = {
			isa = PBXProject;
			attributes = {
				BuildIndependentTargetsInParallel = 1;
				LastSwiftUpdateCheck = 1530;
				LastUpgradeCheck = 1530;
				TargetAttributes = {
					84DA2E002BDD8A980006BA68 = {
						CreatedOnToolsVersion = 15.3;
					};
					84DA2E102BDD8A9D0006BA68 = {
						CreatedOnToolsVersion = 15.3;
						TestTargetID = 84DA2E002BDD8A980006BA68;
					};
					84DA2E1A2BDD8A9D0006BA68 = {
						CreatedOnToolsVersion = 15.3;
						TestTargetID = 84DA2E002BDD8A980006BA68;
					};
					84DA2E322BDD92140006BA68 = {
						CreatedOnToolsVersion = 15.3;
					};
				};
			};
			buildConfigurationList = 84DA2DFC2BDD8A980006BA68 /* Build configuration list for PBXProject "FamilyControlTestbed" */;
			compatibilityVersion = "Xcode 14.0";
			developmentRegion = en;
			hasScannedForEncodings = 0;
			knownRegions = (
				en,
				Base,
			);
			mainGroup = 84DA2DF82BDD8A980006BA68;
			productRefGroup = 84DA2E022BDD8A980006BA68 /* Products */;
			projectDirPath = "";
			projectRoot = "";
			targets = (
				84DA2E002BDD8A980006BA68 /* FamilyControlTestbed */,
				84DA2E102BDD8A9D0006BA68 /* FamilyControlTestbedTests */,
				84DA2E1A2BDD8A9D0006BA68 /* FamilyControlTestbedUITests */,
				84DA2E322BDD92140006BA68 /* FamilyControlReportTestbed */,
			);
		};
/* End PBXProject section */

/* Begin PBXResourcesBuildPhase section */
		84DA2DFF2BDD8A980006BA68 /* Resources */ = {
			isa = PBXResourcesBuildPhase;
			buildActionMask = 2147483647;
			files = (
				84DA2E0C2BDD8A9C0006BA68 /* Preview Assets.xcassets in Resources */,
				84DA2E092BDD8A9C0006BA68 /* Assets.xcassets in Resources */,
			);
			runOnlyForDeploymentPostprocessing = 0;
		};
		84DA2E0F2BDD8A9D0006BA68 /* Resources */ = {
			isa = PBXResourcesBuildPhase;
			buildActionMask = 2147483647;
			files = (
			);
			runOnlyForDeploymentPostprocessing = 0;
		};
		84DA2E192BDD8A9D0006BA68 /* Resources */ = {
			isa = PBXResourcesBuildPhase;
			buildActionMask = 2147483647;
			files = (
			);
			runOnlyForDeploymentPostprocessing = 0;
		};
		84DA2E312BDD92140006BA68 /* Resources */ = {
			isa = PBXResourcesBuildPhase;
			buildActionMask = 2147483647;
			files = (
			);
			runOnlyForDeploymentPostprocessing = 0;
		};
/* End PBXResourcesBuildPhase section */

/* Begin PBXSourcesBuildPhase section */
		84DA2DFD2BDD8A980006BA68 /* Sources */ = {
			isa = PBXSourcesBuildPhase;
			buildActionMask = 2147483647;
			files = (
				84DA2E072BDD8A980006BA68 /* ContentView.swift in Sources */,
				84DA2E052BDD8A980006BA68 /* FamilyControlTestbedApp.swift in Sources */,
			);
			runOnlyForDeploymentPostprocessing = 0;
		};
		84DA2E0D2BDD8A9D0006BA68 /* Sources */ = {
			isa = PBXSourcesBuildPhase;
			buildActionMask = 2147483647;
			files = (
				84DA2E162BDD8A9D0006BA68 /* FamilyControlTestbedTests.swift in Sources */,
			);
			runOnlyForDeploymentPostprocessing = 0;
		};
		84DA2E172BDD8A9D0006BA68 /* Sources */ = {
			isa = PBXSourcesBuildPhase;
			buildActionMask = 2147483647;
			files = (
				84DA2E222BDD8A9D0006BA68 /* FamilyControlTestbedUITestsLaunchTests.swift in Sources */,
				84DA2E202BDD8A9D0006BA68 /* FamilyControlTestbedUITests.swift in Sources */,
			);
			runOnlyForDeploymentPostprocessing = 0;
		};
		84DA2E2F2BDD92140006BA68 /* Sources */ = {
			isa = PBXSourcesBuildPhase;
			buildActionMask = 2147483647;
			files = (
				84DA2E3A2BDD92150006BA68 /* TotalActivityView.swift in Sources */,
				84DA2E362BDD92140006BA68 /* FamilyControlReportTestbed.swift in Sources */,
				84DA2E382BDD92150006BA68 /* TotalActivityReport.swift in Sources */,
			);
			runOnlyForDeploymentPostprocessing = 0;
		};
/* End PBXSourcesBuildPhase section */

/* Begin PBXTargetDependency section */
		84DA2E132BDD8A9D0006BA68 /* PBXTargetDependency */ = {
			isa = PBXTargetDependency;
			target = 84DA2E002BDD8A980006BA68 /* FamilyControlTestbed */;
			targetProxy = 84DA2E122BDD8A9D0006BA68 /* PBXContainerItemProxy */;
		};
		84DA2E1D2BDD8A9D0006BA68 /* PBXTargetDependency */ = {
			isa = PBXTargetDependency;
			target = 84DA2E002BDD8A980006BA68 /* FamilyControlTestbed */;
			targetProxy = 84DA2E1C2BDD8A9D0006BA68 /* PBXContainerItemProxy */;
		};
		84DA2E3E2BDD92150006BA68 /* PBXTargetDependency */ = {
			isa = PBXTargetDependency;
			target = 84DA2E322BDD92140006BA68 /* FamilyControlReportTestbed */;
			targetProxy = 84DA2E3D2BDD92150006BA68 /* PBXContainerItemProxy */;
		};
/* End PBXTargetDependency section */

/* Begin XCBuildConfiguration section */
		84DA2E232BDD8A9D0006BA68 /* Debug */ = {
			isa = XCBuildConfiguration;
			buildSettings = {
				ALWAYS_SEARCH_USER_PATHS = NO;
				ASSETCATALOG_COMPILER_GENERATE_SWIFT_ASSET_SYMBOL_EXTENSIONS = YES;
				CLANG_ANALYZER_NONNULL = YES;
				CLANG_ANALYZER_NUMBER_OBJECT_CONVERSION = YES_AGGRESSIVE;
				CLANG_CXX_LANGUAGE_STANDARD = "gnu++20";
				CLANG_ENABLE_MODULES = YES;
				CLANG_ENABLE_OBJC_ARC = YES;
				CLANG_ENABLE_OBJC_WEAK = YES;
				CLANG_WARN_BLOCK_CAPTURE_AUTORELEASING = YES;
				CLANG_WARN_BOOL_CONVERSION = YES;
				CLANG_WARN_COMMA = YES;
				CLANG_WARN_CONSTANT_CONVERSION = YES;
				CLANG_WARN_DEPRECATED_OBJC_IMPLEMENTATIONS = YES;
				CLANG_WARN_DIRECT_OBJC_ISA_USAGE = YES_ERROR;
				CLANG_WARN_DOCUMENTATION_COMMENTS = YES;
				CLANG_WARN_EMPTY_BODY = YES;
				CLANG_WARN_ENUM_CONVERSION = YES;
				CLANG_WARN_INFINITE_RECURSION = YES;
				CLANG_WARN_INT_CONVERSION = YES;
				CLANG_WARN_NON_LITERAL_NULL_CONVERSION = YES;
				CLANG_WARN_OBJC_IMPLICIT_RETAIN_SELF = YES;
				CLANG_WARN_OBJC_LITERAL_CONVERSION = YES;
				CLANG_WARN_OBJC_ROOT_CLASS = YES_ERROR;
				CLANG_WARN_QUOTED_INCLUDE_IN_FRAMEWORK_HEADER = YES;
				CLANG_WARN_RANGE_LOOP_ANALYSIS = YES;
				CLANG_WARN_STRICT_PROTOTYPES = YES;
				CLANG_WARN_SUSPICIOUS_MOVE = YES;
				CLANG_WARN_UNGUARDED_AVAILABILITY = YES_AGGRESSIVE;
				CLANG_WARN_UNREACHABLE_CODE = YES;
				CLANG_WARN__DUPLICATE_METHOD_MATCH = YES;
				COPY_PHASE_STRIP = NO;
				DEBUG_INFORMATION_FORMAT = dwarf;
				ENABLE_STRICT_OBJC_MSGSEND = YES;
				ENABLE_TESTABILITY = YES;
				ENABLE_USER_SCRIPT_SANDBOXING = YES;
				GCC_C_LANGUAGE_STANDARD = gnu17;
				GCC_DYNAMIC_NO_PIC = NO;
				GCC_NO_COMMON_BLOCKS = YES;
				GCC_OPTIMIZATION_LEVEL = 0;
				GCC_PREPROCESSOR_DEFINITIONS = (
					"DEBUG=1",
					"$(inherited)",
				);
				GCC_WARN_64_TO_32_BIT_CONVERSION = YES;
				GCC_WARN_ABOUT_RETURN_TYPE = YES_ERROR;
				GCC_WARN_UNDECLARED_SELECTOR = YES;
				GCC_WARN_UNINITIALIZED_AUTOS = YES_AGGRESSIVE;
				GCC_WARN_UNUSED_FUNCTION = YES;
				GCC_WARN_UNUSED_VARIABLE = YES;
				IPHONEOS_DEPLOYMENT_TARGET = 17.4;
				LOCALIZATION_PREFERS_STRING_CATALOGS = YES;
				MTL_ENABLE_DEBUG_INFO = INCLUDE_SOURCE;
				MTL_FAST_MATH = YES;
				ONLY_ACTIVE_ARCH = YES;
				SDKROOT = iphoneos;
				SWIFT_ACTIVE_COMPILATION_CONDITIONS = "DEBUG $(inherited)";
				SWIFT_OPTIMIZATION_LEVEL = "-Onone";
			};
			name = Debug;
		};
		84DA2E242BDD8A9D0006BA68 /* Release */ = {
			isa = XCBuildConfiguration;
			buildSettings = {
				ALWAYS_SEARCH_USER_PATHS = NO;
				ASSETCATALOG_COMPILER_GENERATE_SWIFT_ASSET_SYMBOL_EXTENSIONS = YES;
				CLANG_ANALYZER_NONNULL = YES;
				CLANG_ANALYZER_NUMBER_OBJECT_CONVERSION = YES_AGGRESSIVE;
				CLANG_CXX_LANGUAGE_STANDARD = "gnu++20";
				CLANG_ENABLE_MODULES = YES;
				CLANG_ENABLE_OBJC_ARC = YES;
				CLANG_ENABLE_OBJC_WEAK = YES;
				CLANG_WARN_BLOCK_CAPTURE_AUTORELEASING = YES;
				CLANG_WARN_BOOL_CONVERSION = YES;
				CLANG_WARN_COMMA = YES;
				CLANG_WARN_CONSTANT_CONVERSION = YES;
				CLANG_WARN_DEPRECATED_OBJC_IMPLEMENTATIONS = YES;
				CLANG_WARN_DIRECT_OBJC_ISA_USAGE = YES_ERROR;
				CLANG_WARN_DOCUMENTATION_COMMENTS = YES;
				CLANG_WARN_EMPTY_BODY = YES;
				CLANG_WARN_ENUM_CONVERSION = YES;
				CLANG_WARN_INFINITE_RECURSION = YES;
				CLANG_WARN_INT_CONVERSION = YES;
				CLANG_WARN_NON_LITERAL_NULL_CONVERSION = YES;
				CLANG_WARN_OBJC_IMPLICIT_RETAIN_SELF = YES;
				CLANG_WARN_OBJC_LITERAL_CONVERSION = YES;
				CLANG_WARN_OBJC_ROOT_CLASS = YES_ERROR;
				CLANG_WARN_QUOTED_INCLUDE_IN_FRAMEWORK_HEADER = YES;
				CLANG_WARN_RANGE_LOOP_ANALYSIS = YES;
				CLANG_WARN_STRICT_PROTOTYPES = YES;
				CLANG_WARN_SUSPICIOUS_MOVE = YES;
				CLANG_WARN_UNGUARDED_AVAILABILITY = YES_AGGRESSIVE;
				CLANG_WARN_UNREACHABLE_CODE = YES;
				CLANG_WARN__DUPLICATE_METHOD_MATCH = YES;
				COPY_PHASE_STRIP = NO;
				DEBUG_INFORMATION_FORMAT = "dwarf-with-dsym";
				ENABLE_NS_ASSERTIONS = NO;
				ENABLE_STRICT_OBJC_MSGSEND = YES;
				ENABLE_USER_SCRIPT_SANDBOXING = YES;
				GCC_C_LANGUAGE_STANDARD = gnu17;
				GCC_NO_COMMON_BLOCKS = YES;
				GCC_WARN_64_TO_32_BIT_CONVERSION = YES;
				GCC_WARN_ABOUT_RETURN_TYPE = YES_ERROR;
				GCC_WARN_UNDECLARED_SELECTOR = YES;
				GCC_WARN_UNINITIALIZED_AUTOS = YES_AGGRESSIVE;
				GCC_WARN_UNUSED_FUNCTION = YES;
				GCC_WARN_UNUSED_VARIABLE = YES;
				IPHONEOS_DEPLOYMENT_TARGET = 17.4;
				LOCALIZATION_PREFERS_STRING_CATALOGS = YES;
				MTL_ENABLE_DEBUG_INFO = NO;
				MTL_FAST_MATH = YES;
				SDKROOT = iphoneos;
				SWIFT_COMPILATION_MODE = wholemodule;
				VALIDATE_PRODUCT = YES;
			};
			name = Release;
		};
		84DA2E262BDD8A9D0006BA68 /* Debug */ = {
			isa = XCBuildConfiguration;
			buildSettings = {
				ALWAYS_EMBED_SWIFT_STANDARD_LIBRARIES = YES;
				ASSETCATALOG_COMPILER_APPICON_NAME = AppIcon;
				ASSETCATALOG_COMPILER_GLOBAL_ACCENT_COLOR_NAME = AccentColor;
				CODE_SIGN_ENTITLEMENTS = FamilyControlTestbed/FamilyControlTestbed.entitlements;
				CODE_SIGN_STYLE = Automatic;
				CURRENT_PROJECT_VERSION = 1;
				DEVELOPMENT_ASSET_PATHS = "\"FamilyControlTestbed/Preview Content\"";
				DEVELOPMENT_TEAM = B3K3B4V4QX;
				ENABLE_PREVIEWS = YES;
				GENERATE_INFOPLIST_FILE = YES;
				INFOPLIST_KEY_UIApplicationSceneManifest_Generation = YES;
				INFOPLIST_KEY_UIApplicationSupportsIndirectInputEvents = YES;
				INFOPLIST_KEY_UILaunchScreen_Generation = YES;
				INFOPLIST_KEY_UISupportedInterfaceOrientations_iPad = "UIInterfaceOrientationPortrait UIInterfaceOrientationPortraitUpsideDown UIInterfaceOrientationLandscapeLeft UIInterfaceOrientationLandscapeRight";
				INFOPLIST_KEY_UISupportedInterfaceOrientations_iPhone = "UIInterfaceOrientationPortrait UIInterfaceOrientationLandscapeLeft UIInterfaceOrientationLandscapeRight";
				LD_RUNPATH_SEARCH_PATHS = (
					"$(inherited)",
					"@executable_path/Frameworks",
				);
				MARKETING_VERSION = 1.0;
				PRODUCT_BUNDLE_IDENTIFIER = com.bizmodeller.FamilyControlTestbed.FamilyControlTestbed;
				PRODUCT_NAME = "$(TARGET_NAME)";
				SWIFT_EMIT_LOC_STRINGS = YES;
				SWIFT_VERSION = 5.0;
				TARGETED_DEVICE_FAMILY = "1,2";
			};
			name = Debug;
		};
		84DA2E272BDD8A9D0006BA68 /* Release */ = {
			isa = XCBuildConfiguration;
			buildSettings = {
				ALWAYS_EMBED_SWIFT_STANDARD_LIBRARIES = YES;
				ASSETCATALOG_COMPILER_APPICON_NAME = AppIcon;
				ASSETCATALOG_COMPILER_GLOBAL_ACCENT_COLOR_NAME = AccentColor;
				CODE_SIGN_ENTITLEMENTS = FamilyControlTestbed/FamilyControlTestbed.entitlements;
				CODE_SIGN_STYLE = Automatic;
				CURRENT_PROJECT_VERSION = 1;
				DEVELOPMENT_ASSET_PATHS = "\"FamilyControlTestbed/Preview Content\"";
				DEVELOPMENT_TEAM = B3K3B4V4QX;
				ENABLE_PREVIEWS = YES;
				GENERATE_INFOPLIST_FILE = YES;
				INFOPLIST_KEY_UIApplicationSceneManifest_Generation = YES;
				INFOPLIST_KEY_UIApplicationSupportsIndirectInputEvents = YES;
				INFOPLIST_KEY_UILaunchScreen_Generation = YES;
				INFOPLIST_KEY_UISupportedInterfaceOrientations_iPad = "UIInterfaceOrientationPortrait UIInterfaceOrientationPortraitUpsideDown UIInterfaceOrientationLandscapeLeft UIInterfaceOrientationLandscapeRight";
				INFOPLIST_KEY_UISupportedInterfaceOrientations_iPhone = "UIInterfaceOrientationPortrait UIInterfaceOrientationLandscapeLeft UIInterfaceOrientationLandscapeRight";
				LD_RUNPATH_SEARCH_PATHS = (
					"$(inherited)",
					"@executable_path/Frameworks",
				);
				MARKETING_VERSION = 1.0;
				PRODUCT_BUNDLE_IDENTIFIER = com.bizmodeller.FamilyControlTestbed.FamilyControlTestbed;
				PRODUCT_NAME = "$(TARGET_NAME)";
				SWIFT_EMIT_LOC_STRINGS = YES;
				SWIFT_VERSION = 5.0;
				TARGETED_DEVICE_FAMILY = "1,2";
			};
			name = Release;
		};
		84DA2E292BDD8A9D0006BA68 /* Debug */ = {
			isa = XCBuildConfiguration;
			buildSettings = {
				ALWAYS_EMBED_SWIFT_STANDARD_LIBRARIES = YES;
				BUNDLE_LOADER = "$(TEST_HOST)";
				CODE_SIGN_STYLE = Automatic;
				CURRENT_PROJECT_VERSION = 1;
				DEVELOPMENT_TEAM = B3K3B4V4QX;
				GENERATE_INFOPLIST_FILE = YES;
				IPHONEOS_DEPLOYMENT_TARGET = 17.4;
				MARKETING_VERSION = 1.0;
				PRODUCT_BUNDLE_IDENTIFIER = com.bizmodeller.FamilyControlTestbed.FamilyControlTestbedTests;
				PRODUCT_NAME = "$(TARGET_NAME)";
				SWIFT_EMIT_LOC_STRINGS = NO;
				SWIFT_VERSION = 5.0;
				TARGETED_DEVICE_FAMILY = "1,2";
				TEST_HOST = "$(BUILT_PRODUCTS_DIR)/FamilyControlTestbed.app/$(BUNDLE_EXECUTABLE_FOLDER_PATH)/FamilyControlTestbed";
			};
			name = Debug;
		};
		84DA2E2A2BDD8A9D0006BA68 /* Release */ = {
			isa = XCBuildConfiguration;
			buildSettings = {
				ALWAYS_EMBED_SWIFT_STANDARD_LIBRARIES = YES;
				BUNDLE_LOADER = "$(TEST_HOST)";
				CODE_SIGN_STYLE = Automatic;
				CURRENT_PROJECT_VERSION = 1;
				DEVELOPMENT_TEAM = B3K3B4V4QX;
				GENERATE_INFOPLIST_FILE = YES;
				IPHONEOS_DEPLOYMENT_TARGET = 17.4;
				MARKETING_VERSION = 1.0;
				PRODUCT_BUNDLE_IDENTIFIER = com.bizmodeller.FamilyControlTestbed.FamilyControlTestbedTests;
				PRODUCT_NAME = "$(TARGET_NAME)";
				SWIFT_EMIT_LOC_STRINGS = NO;
				SWIFT_VERSION = 5.0;
				TARGETED_DEVICE_FAMILY = "1,2";
				TEST_HOST = "$(BUILT_PRODUCTS_DIR)/FamilyControlTestbed.app/$(BUNDLE_EXECUTABLE_FOLDER_PATH)/FamilyControlTestbed";
			};
			name = Release;
		};
		84DA2E2C2BDD8A9D0006BA68 /* Debug */ = {
			isa = XCBuildConfiguration;
			buildSettings = {
				ALWAYS_EMBED_SWIFT_STANDARD_LIBRARIES = YES;
				CODE_SIGN_STYLE = Automatic;
				CURRENT_PROJECT_VERSION = 1;
				DEVELOPMENT_TEAM = B3K3B4V4QX;
				GENERATE_INFOPLIST_FILE = YES;
				MARKETING_VERSION = 1.0;
				PRODUCT_BUNDLE_IDENTIFIER = com.bizmodeller.FamilyControlTestbed.FamilyControlTestbedUITests;
				PRODUCT_NAME = "$(TARGET_NAME)";
				SWIFT_EMIT_LOC_STRINGS = NO;
				SWIFT_VERSION = 5.0;
				TARGETED_DEVICE_FAMILY = "1,2";
				TEST_TARGET_NAME = FamilyControlTestbed;
			};
			name = Debug;
		};
		84DA2E2D2BDD8A9D0006BA68 /* Release */ = {
			isa = XCBuildConfiguration;
			buildSettings = {
				ALWAYS_EMBED_SWIFT_STANDARD_LIBRARIES = YES;
				CODE_SIGN_STYLE = Automatic;
				CURRENT_PROJECT_VERSION = 1;
				DEVELOPMENT_TEAM = B3K3B4V4QX;
				GENERATE_INFOPLIST_FILE = YES;
				MARKETING_VERSION = 1.0;
				PRODUCT_BUNDLE_IDENTIFIER = com.bizmodeller.FamilyControlTestbed.FamilyControlTestbedUITests;
				PRODUCT_NAME = "$(TARGET_NAME)";
				SWIFT_EMIT_LOC_STRINGS = NO;
				SWIFT_VERSION = 5.0;
				TARGETED_DEVICE_FAMILY = "1,2";
				TEST_TARGET_NAME = FamilyControlTestbed;
			};
			name = Release;
		};
		84DA2E412BDD92150006BA68 /* Debug */ = {
			isa = XCBuildConfiguration;
			buildSettings = {
				CODE_SIGN_ENTITLEMENTS = FamilyControlReportTestbed/FamilyControlReportTestbed.entitlements;
				CODE_SIGN_STYLE = Automatic;
				CURRENT_PROJECT_VERSION = 1;
				DEVELOPMENT_TEAM = B3K3B4V4QX;
				GENERATE_INFOPLIST_FILE = YES;
				INFOPLIST_FILE = FamilyControlReportTestbed/Info.plist;
				INFOPLIST_KEY_CFBundleDisplayName = FamilyControlReportTestbed;
				INFOPLIST_KEY_NSHumanReadableCopyright = "";
				LD_RUNPATH_SEARCH_PATHS = (
					"$(inherited)",
					"@executable_path/Frameworks",
					"@executable_path/../../Frameworks",
				);
				MARKETING_VERSION = 1.0;
				PRODUCT_BUNDLE_IDENTIFIER = com.bizmodeller.FamilyControlTestbed.FamilyControlTestbed.FamilyControlReportTestbed;
				PRODUCT_NAME = "$(TARGET_NAME)";
				SKIP_INSTALL = YES;
				SWIFT_EMIT_LOC_STRINGS = YES;
				SWIFT_VERSION = 5.0;
				TARGETED_DEVICE_FAMILY = "1,2";
			};
			name = Debug;
		};
		84DA2E422BDD92150006BA68 /* Release */ = {
			isa = XCBuildConfiguration;
			buildSettings = {
				CODE_SIGN_ENTITLEMENTS = FamilyControlReportTestbed/FamilyControlReportTestbed.entitlements;
				CODE_SIGN_STYLE = Automatic;
				CURRENT_PROJECT_VERSION = 1;
				DEVELOPMENT_TEAM = B3K3B4V4QX;
				GENERATE_INFOPLIST_FILE = YES;
				INFOPLIST_FILE = FamilyControlReportTestbed/Info.plist;
				INFOPLIST_KEY_CFBundleDisplayName = FamilyControlReportTestbed;
				INFOPLIST_KEY_NSHumanReadableCopyright = "";
				LD_RUNPATH_SEARCH_PATHS = (
					"$(inherited)",
					"@executable_path/Frameworks",
					"@executable_path/../../Frameworks",
				);
				MARKETING_VERSION = 1.0;
				PRODUCT_BUNDLE_IDENTIFIER = com.bizmodeller.FamilyControlTestbed.FamilyControlTestbed.FamilyControlReportTestbed;
				PRODUCT_NAME = "$(TARGET_NAME)";
				SKIP_INSTALL = YES;
				SWIFT_EMIT_LOC_STRINGS = YES;
				SWIFT_VERSION = 5.0;
				TARGETED_DEVICE_FAMILY = "1,2";
			};
			name = Release;
		};
/* End XCBuildConfiguration section */

/* Begin XCConfigurationList section */
		84DA2DFC2BDD8A980006BA68 /* Build configuration list for PBXProject "FamilyControlTestbed" */ = {
			isa = XCConfigurationList;
			buildConfigurations = (
				84DA2E232BDD8A9D0006BA68 /* Debug */,
				84DA2E242BDD8A9D0006BA68 /* Release */,
			);
			defaultConfigurationIsVisible = 0;
			defaultConfigurationName = Release;
		};
		84DA2E252BDD8A9D0006BA68 /* Build configuration list for PBXNativeTarget "FamilyControlTestbed" */ = {
			isa = XCConfigurationList;
			buildConfigurations = (
				84DA2E262BDD8A9D0006BA68 /* Debug */,
				84DA2E272BDD8A9D0006BA68 /* Release */,
			);
			defaultConfigurationIsVisible = 0;
			defaultConfigurationName = Release;
		};
		84DA2E282BDD8A9D0006BA68 /* Build configuration list for PBXNativeTarget "FamilyControlTestbedTests" */ = {
			isa = XCConfigurationList;
			buildConfigurations = (
				84DA2E292BDD8A9D0006BA68 /* Debug */,
				84DA2E2A2BDD8A9D0006BA68 /* Release */,
			);
			defaultConfigurationIsVisible = 0;
			defaultConfigurationName = Release;
		};
		84DA2E2B2BDD8A9D0006BA68 /* Build configuration list for PBXNativeTarget "FamilyControlTestbedUITests" */ = {
			isa = XCConfigurationList;
			buildConfigurations = (
				84DA2E2C2BDD8A9D0006BA68 /* Debug */,
				84DA2E2D2BDD8A9D0006BA68 /* Release */,
			);
			defaultConfigurationIsVisible = 0;
			defaultConfigurationName = Release;
		};
		84DA2E402BDD92150006BA68 /* Build configuration list for PBXNativeTarget "FamilyControlReportTestbed" */ = {
			isa = XCConfigurationList;
			buildConfigurations = (
				84DA2E412BDD92150006BA68 /* Debug */,
				84DA2E422BDD92150006BA68 /* Release */,
			);
			defaultConfigurationIsVisible = 0;
			defaultConfigurationName = Release;
		};
/* End XCConfigurationList section */
	};
	rootObject = 84DA2DF92BDD8A980006BA68 /* Project object */;
}
